<?xml version="1.0" encoding="UTF-8" standalone="yes" ?>
<CodeBlocks_project_file>
	<FileVersion major="1" minor="6" />
	<Project>
		<Option title="TPI Consultorio Medico" />
		<Option pch_mode="2" />
		<Option compiler="gcc" />
		<Build>
			<Target title="Debug">
				<Option output="bin/Debug/TPI Consultorio Medico" prefix_auto="1" extension_auto="1" />
				<Option object_output="obj/Debug/" />
				<Option type="1" />
				<Option compiler="gcc" />
				<Compiler>
					<Add option="-g" />
				</Compiler>
			</Target>
			<Target title="Release">
				<Option output="bin/Release/TPI Consultorio Medico" prefix_auto="1" extension_auto="1" />
				<Option object_output="obj/Release/" />
				<Option type="1" />
				<Option compiler="gcc" />
				<Compiler>
					<Add option="-O2" />
				</Compiler>
				<Linker>
					<Add option="-s" />
				</Linker>
			</Target>
		</Build>
		<Compiler>
			<Add option="-Wall" />
			<Add option="-fexceptions" />
		</Compiler>
		<Unit filename="AppMenu.cpp" />
		<Unit filename="AppMenu.h">
			<Option target="&lt;{~None~}&gt;" />
		</Unit>
		<Unit filename="ConfiguracionManager.cpp" />
		<Unit filename="ConfiguracionManager.h">
			<Option target="&lt;{~None~}&gt;" />
		</Unit>
		<Unit filename="ConfiguracionMenu.cpp" />
		<Unit filename="ConfiguracionMenu.h">
			<Option target="&lt;{~None~}&gt;" />
		</Unit>
		<Unit filename="ConfiguracionMenuBackups.cpp" />
		<Unit filename="ConfiguracionMenuBackups.h">
			<Option target="&lt;{~None~}&gt;" />
		</Unit>
		<Unit filename="ConfiguracionMenuExportarCSV.cpp" />
		<Unit filename="ConfiguracionMenuExportarCSV.h">
			<Option target="&lt;{~None~}&gt;" />
		</Unit>
		<Unit filename="ConfiguracionMenuRestaurar.cpp" />
		<Unit filename="ConfiguracionMenuRestaurar.h">
			<Option target="&lt;{~None~}&gt;" />
		</Unit>
		<Unit filename="Consultorio.cpp" />
		<Unit filename="Consultorio.h">
			<Option target="&lt;{~None~}&gt;" />
		</Unit>
		<Unit filename="ConsultorioArchivo.cpp" />
		<Unit filename="ConsultorioArchivo.h">
			<Option target="&lt;{~None~}&gt;" />
		</Unit>
		<Unit filename="ConsultorioListarMenu.cpp" />
		<Unit filename="ConsultorioListarMenu.h">
			<Option target="&lt;{~None~}&gt;" />
		</Unit>
		<Unit filename="ConsultorioManager.cpp" />
		<Unit filename="ConsultorioManager.h">
			<Option target="&lt;{~None~}&gt;" />
		</Unit>
		<Unit filename="ConsultorioMenu.cpp" />
		<Unit filename="ConsultorioMenu.h">
			<Option target="&lt;{~None~}&gt;" />
		</Unit>
		<Unit filename="Fecha.cpp" />
		<Unit filename="Fecha.h">
			<Option target="&lt;{~None~}&gt;" />
		</Unit>
		<Unit filename="Hora.cpp" />
		<Unit filename="Hora.h">
			<Option target="&lt;{~None~}&gt;" />
		</Unit>
		<Unit filename="Medico.cpp" />
		<Unit filename="Medico.h">
			<Option target="&lt;{~None~}&gt;" />
		</Unit>
		<Unit filename="MedicoArchivo.cpp" />
		<Unit filename="MedicoArchivo.h">
			<Option target="&lt;{~None~}&gt;" />
		</Unit>
		<Unit filename="MedicoConsultaMenu.cpp" />
		<Unit filename="MedicoConsultaMenu.h">
			<Option target="&lt;{~None~}&gt;" />
		</Unit>
		<Unit filename="MedicoListarMenu.cpp" />
		<Unit filename="MedicoListarMenu.h">
			<Option target="&lt;{~None~}&gt;" />
		</Unit>
		<Unit filename="MedicoManager.cpp" />
		<Unit filename="MedicoManager.h">
			<Option target="&lt;{~None~}&gt;" />
		</Unit>
		<Unit filename="MedicoMenu.cpp" />
		<Unit filename="MedicoMenu.h">
			<Option target="&lt;{~None~}&gt;" />
		</Unit>
		<Unit filename="MedicoModificarMenu.cpp" />
		<Unit filename="MedicoModificarMenu.h">
			<Option target="&lt;{~None~}&gt;" />
		</Unit>
		<Unit filename="ObraSocial.cpp" />
		<Unit filename="ObraSocial.h">
			<Option target="&lt;{~None~}&gt;" />
		</Unit>
		<Unit filename="ObraSocialArchivo.cpp" />
		<Unit filename="ObraSocialArchivo.h">
			<Option target="&lt;{~None~}&gt;" />
		</Unit>
		<Unit filename="ObraSocialManager.cpp" />
		<Unit filename="ObraSocialManager.h">
			<Option target="&lt;{~None~}&gt;" />
		</Unit>
		<Unit filename="ObraSocialMenu.cpp" />
		<Unit filename="ObraSocialMenu.h">
			<Option target="&lt;{~None~}&gt;" />
		</Unit>
		<Unit filename="ObraSocialModificarMenu.cpp" />
		<Unit filename="ObraSocialModificarMenu.h">
			<Option target="&lt;{~None~}&gt;" />
		</Unit>
		<Unit filename="ReporteManager.cpp" />
		<Unit filename="ReporteManager.h">
			<Option target="&lt;{~None~}&gt;" />
		</Unit>
		<Unit filename="ReporteMenu.cpp" />
		<Unit filename="ReporteMenu.h">
			<Option target="&lt;{~None~}&gt;" />
		</Unit>
		<Unit filename="funcionesGlobales.cpp" />
		<Unit filename="funcionesGlobales.h">
			<Option target="&lt;{~None~}&gt;" />
		</Unit>
		<Unit filename="main.cpp" />
		<Extensions>
			<lib_finder disable_auto="1" />
		</Extensions>
	</Project>
</CodeBlocks_project_file>
